
Microsoft Visual Studio Solution File, Format Version 12.00
# Visual Studio Version 17
VisualStudioVersion = 17.8.34330.188
MinimumVisualStudioVersion = 10.0.40219.1
Project("{2150E333-8FDC-42A3-9474-1A3956D46DE8}") = "src", "src", "{1F253C40-620E-47A6-A85E-0F7EC1D33D3B}"
EndProject
Project("{2150E333-8FDC-42A3-9474-1A3956D46DE8}") = "deploy", "deploy", "{13ABF460-2024-4387-89C6-9DCE83BF78A6}"
EndProject
Project("{2150E333-8FDC-42A3-9474-1A3956D46DE8}") = "docker", "docker", "{09084241-ABFC-4AB6-933A-78E86D840DF2}"
	ProjectSection(SolutionItems) = preProject
		deploy\docker\docker-compose-local.yml = deploy\docker\docker-compose-local.yml
	EndProjectSection
EndProject
Project("{2150E333-8FDC-42A3-9474-1A3956D46DE8}") = "Presenter", "Presenter", "{467485EE-5951-4388-BE28-C9A08A150FE8}"
EndProject
Project("{2150E333-8FDC-42A3-9474-1A3956D46DE8}") = "Services", "Services", "{B790782A-FF16-4B8A-9993-23CC03C96503}"
EndProject
Project("{2150E333-8FDC-42A3-9474-1A3956D46DE8}") = "Commons", "Commons", "{ADA9D63D-AF53-4AAD-9A3C-49C95B373A36}"
EndProject
Project("{2150E333-8FDC-42A3-9474-1A3956D46DE8}") = "Pedidos", "Pedidos", "{36477809-6123-4CB4-960C-9A58495A178F}"
EndProject
Project("{2150E333-8FDC-42A3-9474-1A3956D46DE8}") = "Carrinho", "Carrinho", "{E9DEF209-F4AD-4105-9DC8-A8F2DCD952F4}"
EndProject
Project("{2150E333-8FDC-42A3-9474-1A3956D46DE8}") = "Estoque", "Estoque", "{B29230DE-D432-4D33-B76E-D144CEC3078F}"
EndProject
Project("{2150E333-8FDC-42A3-9474-1A3956D46DE8}") = "Cupons", "Cupons", "{4226AE14-0C8B-4373-959E-A29E292A1107}"
EndProject
Project("{2150E333-8FDC-42A3-9474-1A3956D46DE8}") = "Produtos", "Produtos", "{B362D413-4175-4F96-BFA0-E4B072965787}"
EndProject
Project("{9A19103F-16F7-4668-BE54-9A1E7A4F7556}") = "EF.Core.Commons", "src\Shared\EF.Core.Commons\EF.Core.Commons.csproj", "{782DB0E3-9CF5-49C8-BA7D-7691C66A647A}"
EndProject
Project("{9A19103F-16F7-4668-BE54-9A1E7A4F7556}") = "EF.WebApi.Commons", "src\Shared\EF.WebApi.Commons\EF.WebApi.Commons.csproj", "{D603325F-219B-48D5-ACC3-B84EB95F4AA5}"
EndProject
Project("{9A19103F-16F7-4668-BE54-9A1E7A4F7556}") = "EF.Pedidos.Application", "src\Services\EF.Pedidos.Application\EF.Pedidos.Application.csproj", "{CB4CD9DB-FDCF-45DF-B143-B9133ECAA2C7}"
EndProject
Project("{9A19103F-16F7-4668-BE54-9A1E7A4F7556}") = "EF.Pedidos.Domain", "src\Services\EF.Pedidos.Domain\EF.Pedidos.Domain.csproj", "{03183412-07C0-4325-A815-683C6855607F}"
EndProject
Project("{9A19103F-16F7-4668-BE54-9A1E7A4F7556}") = "EF.Pedidos.Infra", "src\Services\EF.Pedidos.Infra\EF.Pedidos.Infra.csproj", "{0949C3F9-1DA8-47BD-BF13-86EC52400CAD}"
EndProject
Project("{9A19103F-16F7-4668-BE54-9A1E7A4F7556}") = "EF.Api", "src\Presentation\EF.Api\EF.Api.csproj", "{05FE6C41-B137-4FF0-8E20-9F5970757F33}"
EndProject
Project("{9A19103F-16F7-4668-BE54-9A1E7A4F7556}") = "EF.Estoques.Application", "src\Services\EF.Estoques.Application\EF.Estoques.Application.csproj", "{4C1FAD35-10CC-46D1-BA09-EFD0F0ED5F5F}"
EndProject
Project("{9A19103F-16F7-4668-BE54-9A1E7A4F7556}") = "EF.Estoques.Domain", "src\Services\EF.Estoques.Domain\EF.Estoques.Domain.csproj", "{469EE65E-30CB-4DE9-A513-C758FD9311E9}"
EndProject
Project("{9A19103F-16F7-4668-BE54-9A1E7A4F7556}") = "EF.Estoques.Infra", "src\Services\EF.Estoques.Infra\EF.Estoques.Infra.csproj", "{C42B477E-F4B5-499D-AB57-20C81F13F014}"
EndProject
Project("{9A19103F-16F7-4668-BE54-9A1E7A4F7556}") = "EF.Cupons.Application", "src\Services\EF.Cupons.Application\EF.Cupons.Application.csproj", "{A92E003C-2061-413D-A8DA-7AA2B79E0516}"
EndProject
Project("{9A19103F-16F7-4668-BE54-9A1E7A4F7556}") = "EF.Cupons.Domain", "src\Services\EF.Cupons.Domain\EF.Cupons.Domain.csproj", "{B5ABF6E3-784F-4360-BC94-322983345D0C}"
EndProject
Project("{9A19103F-16F7-4668-BE54-9A1E7A4F7556}") = "EF.Cupons.Infra", "src\Services\EF.Cupons.Infra\EF.Cupons.Infra.csproj", "{5ABE941A-20EA-4F79-96A3-8B5DBFFF59DE}"
EndProject
Project("{9A19103F-16F7-4668-BE54-9A1E7A4F7556}") = "EF.Produtos.Domain", "src\Services\EF.Produtos.Domain\EF.Produtos.Domain.csproj", "{09E1B1A6-5879-4C12-8D0E-AFA5BA13036B}"
EndProject
Project("{9A19103F-16F7-4668-BE54-9A1E7A4F7556}") = "EF.Produtos.Infra", "src\Services\EF.Produtos.Infra\EF.Produtos.Infra.csproj", "{927AAFA1-681F-4C89-90EB-B587B193FCDC}"
EndProject
Project("{9A19103F-16F7-4668-BE54-9A1E7A4F7556}") = "EF.Produtos.Application", "src\Services\EF.Produtos.Application\EF.Produtos.Application.csproj", "{5E542E9D-523D-49D5-AB70-E76840838BC3}"
EndProject
Project("{9A19103F-16F7-4668-BE54-9A1E7A4F7556}") = "EF.Carrinho.Application", "src\Services\EF.Carrinho.Application\EF.Carrinho.Application.csproj", "{EF0C94E3-FC1F-4A92-BDAD-7CB875FFD861}"
EndProject
Project("{9A19103F-16F7-4668-BE54-9A1E7A4F7556}") = "EF.Carrinho.Infra", "src\Services\EF.Carrinho.Infra\EF.Carrinho.Infra.csproj", "{B5F5F072-12EB-4A71-9B14-7CFCFE1EE6A3}"
EndProject
Project("{9A19103F-16F7-4668-BE54-9A1E7A4F7556}") = "EF.Carrinho.Domain", "src\Services\EF.Carrinho.Domain\EF.Carrinho.Domain.csproj", "{955A5C59-C7C7-4D20-B62D-5271E8EAE9DA}"
EndProject
Project("{9A19103F-16F7-4668-BE54-9A1E7A4F7556}") = "EF.Infra.Commons", "src\Shared\EF.Infra.Commons\EF.Infra.Commons.csproj", "{807825CE-FDF9-4BA6-8D4B-5BC22648D672}"
EndProject
Project("{2150E333-8FDC-42A3-9474-1A3956D46DE8}") = "database", "database", "{13BEECA4-7942-4A3A-8F81-41A4D3F73473}"
	ProjectSection(SolutionItems) = preProject
		deploy\database\init.sql = deploy\database\init.sql
	EndProjectSection
EndProject
Project("{2150E333-8FDC-42A3-9474-1A3956D46DE8}") = "Identidade", "Identidade", "{98553144-EAE6-43C2-B042-CA4FBC212EAE}"
EndProject
Project("{FAE04EC0-301F-11D3-BF4B-00C04F79EFBC}") = "EF.Identidade.Application", "src\Services\EF.Identidade.Application\EF.Identidade.Application.csproj", "{40640BA5-D82C-439B-A02A-31962087CFA7}"
EndProject
Global
	GlobalSection(SolutionConfigurationPlatforms) = preSolution
		Debug|Any CPU = Debug|Any CPU
		Release|Any CPU = Release|Any CPU
	EndGlobalSection
	GlobalSection(ProjectConfigurationPlatforms) = postSolution
		{782DB0E3-9CF5-49C8-BA7D-7691C66A647A}.Debug|Any CPU.ActiveCfg = Debug|Any CPU
		{782DB0E3-9CF5-49C8-BA7D-7691C66A647A}.Debug|Any CPU.Build.0 = Debug|Any CPU
		{782DB0E3-9CF5-49C8-BA7D-7691C66A647A}.Release|Any CPU.ActiveCfg = Release|Any CPU
		{782DB0E3-9CF5-49C8-BA7D-7691C66A647A}.Release|Any CPU.Build.0 = Release|Any CPU
		{D603325F-219B-48D5-ACC3-B84EB95F4AA5}.Debug|Any CPU.ActiveCfg = Debug|Any CPU
		{D603325F-219B-48D5-ACC3-B84EB95F4AA5}.Debug|Any CPU.Build.0 = Debug|Any CPU
		{D603325F-219B-48D5-ACC3-B84EB95F4AA5}.Release|Any CPU.ActiveCfg = Release|Any CPU
		{D603325F-219B-48D5-ACC3-B84EB95F4AA5}.Release|Any CPU.Build.0 = Release|Any CPU
		{CB4CD9DB-FDCF-45DF-B143-B9133ECAA2C7}.Debug|Any CPU.ActiveCfg = Debug|Any CPU
		{CB4CD9DB-FDCF-45DF-B143-B9133ECAA2C7}.Debug|Any CPU.Build.0 = Debug|Any CPU
		{CB4CD9DB-FDCF-45DF-B143-B9133ECAA2C7}.Release|Any CPU.ActiveCfg = Release|Any CPU
		{CB4CD9DB-FDCF-45DF-B143-B9133ECAA2C7}.Release|Any CPU.Build.0 = Release|Any CPU
		{03183412-07C0-4325-A815-683C6855607F}.Debug|Any CPU.ActiveCfg = Debug|Any CPU
		{03183412-07C0-4325-A815-683C6855607F}.Debug|Any CPU.Build.0 = Debug|Any CPU
		{03183412-07C0-4325-A815-683C6855607F}.Release|Any CPU.ActiveCfg = Release|Any CPU
		{03183412-07C0-4325-A815-683C6855607F}.Release|Any CPU.Build.0 = Release|Any CPU
		{0949C3F9-1DA8-47BD-BF13-86EC52400CAD}.Debug|Any CPU.ActiveCfg = Debug|Any CPU
		{0949C3F9-1DA8-47BD-BF13-86EC52400CAD}.Debug|Any CPU.Build.0 = Debug|Any CPU
		{0949C3F9-1DA8-47BD-BF13-86EC52400CAD}.Release|Any CPU.ActiveCfg = Release|Any CPU
		{0949C3F9-1DA8-47BD-BF13-86EC52400CAD}.Release|Any CPU.Build.0 = Release|Any CPU
		{05FE6C41-B137-4FF0-8E20-9F5970757F33}.Debug|Any CPU.ActiveCfg = Debug|Any CPU
		{05FE6C41-B137-4FF0-8E20-9F5970757F33}.Debug|Any CPU.Build.0 = Debug|Any CPU
		{05FE6C41-B137-4FF0-8E20-9F5970757F33}.Release|Any CPU.ActiveCfg = Release|Any CPU
		{05FE6C41-B137-4FF0-8E20-9F5970757F33}.Release|Any CPU.Build.0 = Release|Any CPU
		{4C1FAD35-10CC-46D1-BA09-EFD0F0ED5F5F}.Debug|Any CPU.ActiveCfg = Debug|Any CPU
		{4C1FAD35-10CC-46D1-BA09-EFD0F0ED5F5F}.Debug|Any CPU.Build.0 = Debug|Any CPU
		{4C1FAD35-10CC-46D1-BA09-EFD0F0ED5F5F}.Release|Any CPU.ActiveCfg = Release|Any CPU
		{4C1FAD35-10CC-46D1-BA09-EFD0F0ED5F5F}.Release|Any CPU.Build.0 = Release|Any CPU
		{469EE65E-30CB-4DE9-A513-C758FD9311E9}.Debug|Any CPU.ActiveCfg = Debug|Any CPU
		{469EE65E-30CB-4DE9-A513-C758FD9311E9}.Debug|Any CPU.Build.0 = Debug|Any CPU
		{469EE65E-30CB-4DE9-A513-C758FD9311E9}.Release|Any CPU.ActiveCfg = Release|Any CPU
		{469EE65E-30CB-4DE9-A513-C758FD9311E9}.Release|Any CPU.Build.0 = Release|Any CPU
		{C42B477E-F4B5-499D-AB57-20C81F13F014}.Debug|Any CPU.ActiveCfg = Debug|Any CPU
		{C42B477E-F4B5-499D-AB57-20C81F13F014}.Debug|Any CPU.Build.0 = Debug|Any CPU
		{C42B477E-F4B5-499D-AB57-20C81F13F014}.Release|Any CPU.ActiveCfg = Release|Any CPU
		{C42B477E-F4B5-499D-AB57-20C81F13F014}.Release|Any CPU.Build.0 = Release|Any CPU
		{A92E003C-2061-413D-A8DA-7AA2B79E0516}.Debug|Any CPU.ActiveCfg = Debug|Any CPU
		{A92E003C-2061-413D-A8DA-7AA2B79E0516}.Debug|Any CPU.Build.0 = Debug|Any CPU
		{A92E003C-2061-413D-A8DA-7AA2B79E0516}.Release|Any CPU.ActiveCfg = Release|Any CPU
		{A92E003C-2061-413D-A8DA-7AA2B79E0516}.Release|Any CPU.Build.0 = Release|Any CPU
		{B5ABF6E3-784F-4360-BC94-322983345D0C}.Debug|Any CPU.ActiveCfg = Debug|Any CPU
		{B5ABF6E3-784F-4360-BC94-322983345D0C}.Debug|Any CPU.Build.0 = Debug|Any CPU
		{B5ABF6E3-784F-4360-BC94-322983345D0C}.Release|Any CPU.ActiveCfg = Release|Any CPU
		{B5ABF6E3-784F-4360-BC94-322983345D0C}.Release|Any CPU.Build.0 = Release|Any CPU
		{5ABE941A-20EA-4F79-96A3-8B5DBFFF59DE}.Debug|Any CPU.ActiveCfg = Debug|Any CPU
		{5ABE941A-20EA-4F79-96A3-8B5DBFFF59DE}.Debug|Any CPU.Build.0 = Debug|Any CPU
		{5ABE941A-20EA-4F79-96A3-8B5DBFFF59DE}.Release|Any CPU.ActiveCfg = Release|Any CPU
		{5ABE941A-20EA-4F79-96A3-8B5DBFFF59DE}.Release|Any CPU.Build.0 = Release|Any CPU
		{09E1B1A6-5879-4C12-8D0E-AFA5BA13036B}.Debug|Any CPU.ActiveCfg = Debug|Any CPU
		{09E1B1A6-5879-4C12-8D0E-AFA5BA13036B}.Debug|Any CPU.Build.0 = Debug|Any CPU
		{09E1B1A6-5879-4C12-8D0E-AFA5BA13036B}.Release|Any CPU.ActiveCfg = Release|Any CPU
		{09E1B1A6-5879-4C12-8D0E-AFA5BA13036B}.Release|Any CPU.Build.0 = Release|Any CPU
		{927AAFA1-681F-4C89-90EB-B587B193FCDC}.Debug|Any CPU.ActiveCfg = Debug|Any CPU
		{927AAFA1-681F-4C89-90EB-B587B193FCDC}.Debug|Any CPU.Build.0 = Debug|Any CPU
		{927AAFA1-681F-4C89-90EB-B587B193FCDC}.Release|Any CPU.ActiveCfg = Release|Any CPU
		{927AAFA1-681F-4C89-90EB-B587B193FCDC}.Release|Any CPU.Build.0 = Release|Any CPU
		{5E542E9D-523D-49D5-AB70-E76840838BC3}.Debug|Any CPU.ActiveCfg = Debug|Any CPU
		{5E542E9D-523D-49D5-AB70-E76840838BC3}.Debug|Any CPU.Build.0 = Debug|Any CPU
		{5E542E9D-523D-49D5-AB70-E76840838BC3}.Release|Any CPU.ActiveCfg = Release|Any CPU
		{5E542E9D-523D-49D5-AB70-E76840838BC3}.Release|Any CPU.Build.0 = Release|Any CPU
		{EF0C94E3-FC1F-4A92-BDAD-7CB875FFD861}.Debug|Any CPU.ActiveCfg = Debug|Any CPU
		{EF0C94E3-FC1F-4A92-BDAD-7CB875FFD861}.Debug|Any CPU.Build.0 = Debug|Any CPU
		{EF0C94E3-FC1F-4A92-BDAD-7CB875FFD861}.Release|Any CPU.ActiveCfg = Release|Any CPU
		{EF0C94E3-FC1F-4A92-BDAD-7CB875FFD861}.Release|Any CPU.Build.0 = Release|Any CPU
		{B5F5F072-12EB-4A71-9B14-7CFCFE1EE6A3}.Debug|Any CPU.ActiveCfg = Debug|Any CPU
		{B5F5F072-12EB-4A71-9B14-7CFCFE1EE6A3}.Debug|Any CPU.Build.0 = Debug|Any CPU
		{B5F5F072-12EB-4A71-9B14-7CFCFE1EE6A3}.Release|Any CPU.ActiveCfg = Release|Any CPU
		{B5F5F072-12EB-4A71-9B14-7CFCFE1EE6A3}.Release|Any CPU.Build.0 = Release|Any CPU
		{955A5C59-C7C7-4D20-B62D-5271E8EAE9DA}.Debug|Any CPU.ActiveCfg = Debug|Any CPU
		{955A5C59-C7C7-4D20-B62D-5271E8EAE9DA}.Debug|Any CPU.Build.0 = Debug|Any CPU
		{955A5C59-C7C7-4D20-B62D-5271E8EAE9DA}.Release|Any CPU.ActiveCfg = Release|Any CPU
		{955A5C59-C7C7-4D20-B62D-5271E8EAE9DA}.Release|Any CPU.Build.0 = Release|Any CPU
		{807825CE-FDF9-4BA6-8D4B-5BC22648D672}.Debug|Any CPU.ActiveCfg = Debug|Any CPU
		{807825CE-FDF9-4BA6-8D4B-5BC22648D672}.Debug|Any CPU.Build.0 = Debug|Any CPU
		{807825CE-FDF9-4BA6-8D4B-5BC22648D672}.Release|Any CPU.ActiveCfg = Release|Any CPU
		{807825CE-FDF9-4BA6-8D4B-5BC22648D672}.Release|Any CPU.Build.0 = Release|Any CPU
		{40640BA5-D82C-439B-A02A-31962087CFA7}.Debug|Any CPU.ActiveCfg = Debug|Any CPU
		{40640BA5-D82C-439B-A02A-31962087CFA7}.Debug|Any CPU.Build.0 = Debug|Any CPU
		{40640BA5-D82C-439B-A02A-31962087CFA7}.Release|Any CPU.ActiveCfg = Release|Any CPU
		{40640BA5-D82C-439B-A02A-31962087CFA7}.Release|Any CPU.Build.0 = Release|Any CPU
	EndGlobalSection
	GlobalSection(SolutionProperties) = preSolution
		HideSolutionNode = FALSE
	EndGlobalSection
	GlobalSection(NestedProjects) = preSolution
		{09084241-ABFC-4AB6-933A-78E86D840DF2} = {13ABF460-2024-4387-89C6-9DCE83BF78A6}
		{467485EE-5951-4388-BE28-C9A08A150FE8} = {1F253C40-620E-47A6-A85E-0F7EC1D33D3B}
		{B790782A-FF16-4B8A-9993-23CC03C96503} = {1F253C40-620E-47A6-A85E-0F7EC1D33D3B}
		{ADA9D63D-AF53-4AAD-9A3C-49C95B373A36} = {1F253C40-620E-47A6-A85E-0F7EC1D33D3B}
		{36477809-6123-4CB4-960C-9A58495A178F} = {B790782A-FF16-4B8A-9993-23CC03C96503}
		{E9DEF209-F4AD-4105-9DC8-A8F2DCD952F4} = {B790782A-FF16-4B8A-9993-23CC03C96503}
		{B29230DE-D432-4D33-B76E-D144CEC3078F} = {B790782A-FF16-4B8A-9993-23CC03C96503}
		{4226AE14-0C8B-4373-959E-A29E292A1107} = {B790782A-FF16-4B8A-9993-23CC03C96503}
		{B362D413-4175-4F96-BFA0-E4B072965787} = {B790782A-FF16-4B8A-9993-23CC03C96503}
		{782DB0E3-9CF5-49C8-BA7D-7691C66A647A} = {ADA9D63D-AF53-4AAD-9A3C-49C95B373A36}
		{D603325F-219B-48D5-ACC3-B84EB95F4AA5} = {ADA9D63D-AF53-4AAD-9A3C-49C95B373A36}
		{CB4CD9DB-FDCF-45DF-B143-B9133ECAA2C7} = {36477809-6123-4CB4-960C-9A58495A178F}
		{03183412-07C0-4325-A815-683C6855607F} = {36477809-6123-4CB4-960C-9A58495A178F}
		{0949C3F9-1DA8-47BD-BF13-86EC52400CAD} = {36477809-6123-4CB4-960C-9A58495A178F}
		{05FE6C41-B137-4FF0-8E20-9F5970757F33} = {467485EE-5951-4388-BE28-C9A08A150FE8}
		{4C1FAD35-10CC-46D1-BA09-EFD0F0ED5F5F} = {B29230DE-D432-4D33-B76E-D144CEC3078F}
		{469EE65E-30CB-4DE9-A513-C758FD9311E9} = {B29230DE-D432-4D33-B76E-D144CEC3078F}
		{C42B477E-F4B5-499D-AB57-20C81F13F014} = {B29230DE-D432-4D33-B76E-D144CEC3078F}
		{A92E003C-2061-413D-A8DA-7AA2B79E0516} = {4226AE14-0C8B-4373-959E-A29E292A1107}
		{B5ABF6E3-784F-4360-BC94-322983345D0C} = {4226AE14-0C8B-4373-959E-A29E292A1107}
		{5ABE941A-20EA-4F79-96A3-8B5DBFFF59DE} = {4226AE14-0C8B-4373-959E-A29E292A1107}
		{09E1B1A6-5879-4C12-8D0E-AFA5BA13036B} = {B362D413-4175-4F96-BFA0-E4B072965787}
		{927AAFA1-681F-4C89-90EB-B587B193FCDC} = {B362D413-4175-4F96-BFA0-E4B072965787}
		{5E542E9D-523D-49D5-AB70-E76840838BC3} = {B362D413-4175-4F96-BFA0-E4B072965787}
		{EF0C94E3-FC1F-4A92-BDAD-7CB875FFD861} = {E9DEF209-F4AD-4105-9DC8-A8F2DCD952F4}
		{B5F5F072-12EB-4A71-9B14-7CFCFE1EE6A3} = {E9DEF209-F4AD-4105-9DC8-A8F2DCD952F4}
		{955A5C59-C7C7-4D20-B62D-5271E8EAE9DA} = {E9DEF209-F4AD-4105-9DC8-A8F2DCD952F4}
		{807825CE-FDF9-4BA6-8D4B-5BC22648D672} = {ADA9D63D-AF53-4AAD-9A3C-49C95B373A36}
		{13BEECA4-7942-4A3A-8F81-41A4D3F73473} = {13ABF460-2024-4387-89C6-9DCE83BF78A6}
		{98553144-EAE6-43C2-B042-CA4FBC212EAE} = {B790782A-FF16-4B8A-9993-23CC03C96503}
		{40640BA5-D82C-439B-A02A-31962087CFA7} = {98553144-EAE6-43C2-B042-CA4FBC212EAE}
	EndGlobalSection
	GlobalSection(ExtensibilityGlobals) = postSolution
		SolutionGuid = {4EF48A17-2E1D-4950-95B3-8C7206DD4E91}
	EndGlobalSection
EndGlobal
